version = 1
revision = 3
requires-python = "==3.9.*"

[[package]]
name = "adrl"
version = "0.1.0"
source = { virtual = "." }
dependencies = [
    { name = "airsimdroneracinglab" },
    { name = "numpy" },
]

[package.metadata]
requires-dist = [
    { name = "airsimdroneracinglab", specifier = ">=1.0.2" },
    { name = "numpy", specifier = "<2" },
]

[[package]]
name = "airsimdroneracinglab"
version = "1.0.2"
source = { registry = "https://pypi.org/simple" }
dependencies = [
    { name = "msgpack-rpc-python" },
    { name = "numpy" },
]
sdist = { url = "https://files.pythonhosted.org/packages/40/35/7cca039cd0a78b28000e7351975d7e9fe082c936e8e9667d2da09e30151b/airsimdroneracinglab-1.0.2.tar.gz", hash = "sha256:c6c80751d36462e8932f98c7f3ed8b9a91fa851f5041af0e920ff82ddea21640", size = 25568, upload-time = "2020-07-02T15:51:34.298Z" }
wheels = [
    { url = "https://files.pythonhosted.org/packages/97/da/968f56f3ac6b47e5b0a934cb5e6867dbfe78c74e16832a7e4bcae04c1b8a/airsimdroneracinglab-1.0.2-py3-none-any.whl", hash = "sha256:fcbacab3814c45944c28b330e7c3a00d57d326c714b51707f9e5694bb34e4345", size = 27393, upload-time = "2020-07-02T15:51:30.41Z" },
]

[[package]]
name = "msgpack-python"
version = "0.5.6"
source = { registry = "https://pypi.org/simple" }
sdist = { url = "https://files.pythonhosted.org/packages/8a/20/6eca772d1a5830336f84aca1d8198e5a3f4715cd1c7fc36d3cc7f7185091/msgpack-python-0.5.6.tar.gz", hash = "sha256:378cc8a6d3545b532dfd149da715abae4fda2a3adb6d74e525d0d5e51f46909b", size = 138996, upload-time = "2018-03-10T09:22:56.493Z" }

[[package]]
name = "msgpack-rpc-python"
version = "0.4.1"
source = { registry = "https://pypi.org/simple" }
dependencies = [
    { name = "msgpack-python" },
    { name = "tornado" },
]
sdist = { url = "https://files.pythonhosted.org/packages/bf/67/c3cfa7158c46fa3fb1898783ff722f94c52e8b65f601922c853f46405df3/msgpack-rpc-python-0.4.1.tar.gz", hash = "sha256:ba7188129f2ba95fb9731f906aa82a5abd5827dd54ecfc715008f5ce2314535f", size = 7678, upload-time = "2018-03-14T02:39:58.619Z" }

[[package]]
name = "numpy"
version = "1.26.4"
source = { registry = "https://pypi.org/simple" }
sdist = { url = "https://files.pythonhosted.org/packages/65/6e/09db70a523a96d25e115e71cc56a6f9031e7b8cd166c1ac8438307c14058/numpy-1.26.4.tar.gz", hash = "sha256:2a02aba9ed12e4ac4eb3ea9421c420301a0c6460d9830d74a9df87efa4912010", size = 15786129, upload-time = "2024-02-06T00:26:44.495Z" }
wheels = [
    { url = "https://files.pythonhosted.org/packages/7d/24/ce71dc08f06534269f66e73c04f5709ee024a1afe92a7b6e1d73f158e1f8/numpy-1.26.4-cp39-cp39-macosx_10_9_x86_64.whl", hash = "sha256:7349ab0fa0c429c82442a27a9673fc802ffdb7c7775fad780226cb234965e53c", size = 20636301, upload-time = "2024-02-05T23:59:10.976Z" },
    { url = "https://files.pythonhosted.org/packages/ae/8c/ab03a7c25741f9ebc92684a20125fbc9fc1b8e1e700beb9197d750fdff88/numpy-1.26.4-cp39-cp39-macosx_11_0_arm64.whl", hash = "sha256:52b8b60467cd7dd1e9ed082188b4e6bb35aa5cdd01777621a1658910745b90be", size = 13971216, upload-time = "2024-02-05T23:59:35.472Z" },
    { url = "https://files.pythonhosted.org/packages/6d/64/c3bcdf822269421d85fe0d64ba972003f9bb4aa9a419da64b86856c9961f/numpy-1.26.4-cp39-cp39-manylinux_2_17_aarch64.manylinux2014_aarch64.whl", hash = "sha256:d5241e0a80d808d70546c697135da2c613f30e28251ff8307eb72ba696945764", size = 14226281, upload-time = "2024-02-05T23:59:59.372Z" },
    { url = "https://files.pythonhosted.org/packages/54/30/c2a907b9443cf42b90c17ad10c1e8fa801975f01cb9764f3f8eb8aea638b/numpy-1.26.4-cp39-cp39-manylinux_2_17_x86_64.manylinux2014_x86_64.whl", hash = "sha256:f870204a840a60da0b12273ef34f7051e98c3b5961b61b0c2c1be6dfd64fbcd3", size = 18249516, upload-time = "2024-02-06T00:00:32.79Z" },
    { url = "https://files.pythonhosted.org/packages/43/12/01a563fc44c07095996d0129b8899daf89e4742146f7044cdbdb3101c57f/numpy-1.26.4-cp39-cp39-musllinux_1_1_aarch64.whl", hash = "sha256:679b0076f67ecc0138fd2ede3a8fd196dddc2ad3254069bcb9faf9a79b1cebcd", size = 13882132, upload-time = "2024-02-06T00:00:58.197Z" },
    { url = "https://files.pythonhosted.org/packages/16/ee/9df80b06680aaa23fc6c31211387e0db349e0e36d6a63ba3bd78c5acdf11/numpy-1.26.4-cp39-cp39-musllinux_1_1_x86_64.whl", hash = "sha256:47711010ad8555514b434df65f7d7b076bb8261df1ca9bb78f53d3b2db02e95c", size = 18084181, upload-time = "2024-02-06T00:01:31.21Z" },
    { url = "https://files.pythonhosted.org/packages/28/7d/4b92e2fe20b214ffca36107f1a3e75ef4c488430e64de2d9af5db3a4637d/numpy-1.26.4-cp39-cp39-win32.whl", hash = "sha256:a354325ee03388678242a4d7ebcd08b5c727033fcff3b2f536aea978e15ee9e6", size = 5976360, upload-time = "2024-02-06T00:01:43.013Z" },
    { url = "https://files.pythonhosted.org/packages/b5/42/054082bd8220bbf6f297f982f0a8f5479fcbc55c8b511d928df07b965869/numpy-1.26.4-cp39-cp39-win_amd64.whl", hash = "sha256:3373d5d70a5fe74a2c1bb6d2cfd9609ecf686d47a2d7b1d37a8f3b6bf6003aea", size = 15814633, upload-time = "2024-02-06T00:02:16.694Z" },
    { url = "https://files.pythonhosted.org/packages/3f/72/3df6c1c06fc83d9cfe381cccb4be2532bbd38bf93fbc9fad087b6687f1c0/numpy-1.26.4-pp39-pypy39_pp73-macosx_10_9_x86_64.whl", hash = "sha256:afedb719a9dcfc7eaf2287b839d8198e06dcd4cb5d276a3df279231138e83d30", size = 20455961, upload-time = "2024-02-06T00:03:05.993Z" },
    { url = "https://files.pythonhosted.org/packages/8e/02/570545bac308b58ffb21adda0f4e220ba716fb658a63c151daecc3293350/numpy-1.26.4-pp39-pypy39_pp73-manylinux_2_17_x86_64.manylinux2014_x86_64.whl", hash = "sha256:95a7476c59002f2f6c590b9b7b998306fba6a5aa646b1e22ddfeaf8f78c3a29c", size = 18061071, upload-time = "2024-02-06T00:03:41.5Z" },
    { url = "https://files.pythonhosted.org/packages/f4/5f/fafd8c51235f60d49f7a88e2275e13971e90555b67da52dd6416caec32fe/numpy-1.26.4-pp39-pypy39_pp73-win_amd64.whl", hash = "sha256:7e50d0a0cc3189f9cb0aeb3a6a6af18c16f59f004b866cd2be1c14b36134a4a0", size = 15709730, upload-time = "2024-02-06T00:04:11.719Z" },
]

[[package]]
name = "tornado"
version = "4.5.3"
source = { registry = "https://pypi.org/simple" }
sdist = { url = "https://files.pythonhosted.org/packages/e3/7b/e29ab3d51c8df66922fea216e2bddfcb6430fb29620e5165b16a216e0d3c/tornado-4.5.3.tar.gz", hash = "sha256:6d14e47eab0e15799cf3cdcc86b0b98279da68522caace2bd7ce644287685f0a", size = 484221, upload-time = "2018-01-06T18:09:44.213Z" }
